
Microsoft Visual Studio Solution File, Format Version 12.00
# Visual Studio Version 17
VisualStudioVersion = 17.5.002.0
MinimumVisualStudioVersion = 10.0.40219.1
Project("{9A19103F-16F7-4668-BE54-9A1E7A4F7556}") = "PizzaStore", "PizzaStore.csproj", "{4CD0C818-81E5-46A4-BD57-F51902ABD389}"
EndProject
Global
	GlobalSection(SolutionConfigurationPlatforms) = preSolution
		Debug|Any CPU = Debug|Any CPU
		Release|Any CPU = Release|Any CPU
	EndGlobalSection
	GlobalSection(ProjectConfigurationPlatforms) = postSolution
		{4CD0C818-81E5-46A4-BD57-F51902ABD389}.Debug|Any CPU.ActiveCfg = Debug|Any CPU
		{4CD0C818-81E5-46A4-BD57-F51902ABD389}.Debug|Any CPU.Build.0 = Debug|Any CPU
		{4CD0C818-81E5-46A4-BD57-F51902ABD389}.Release|Any CPU.ActiveCfg = Release|Any CPU
		{4CD0C818-81E5-46A4-BD57-F51902ABD389}.Release|Any CPU.Build.0 = Release|Any CPU
	EndGlobalSection
	GlobalSection(SolutionProperties) = preSolution
		HideSolutionNode = FALSE
	EndGlobalSection
	GlobalSection(ExtensibilityGlobals) = postSolution
		SolutionGuid = {13F82AA6-F87C-4856-8B96-DC31D19046D5}
	EndGlobalSection
EndGlobal
